# This file is autogenerated, do not edit; changes may be undone by the next 'dep ensure'.


[[projects]]
  name = "github.com/dgrijalva/jwt-go"
  packages = ["."]
  revision = "dbeaa9332f19a944acb5736b4456cfcc02140e29"
  version = "v3.1.0"

[[projects]]
  branch = "master"
  name = "github.com/streadway/amqp"
  packages = ["."]
  revision = "d27ae102b8892a98ca4edb74539436af62577379"

[[projects]]
  branch = "master"
  name = "github.com/SmartEnergyPlatform/jwt-http-router"
  packages = ["."]
  revision = "e3946d4fce2a55eec506356c9b6299b184669601"
  source = "git@gitlab.wifa.uni-leipzig.de:fg-seits/jwt_http_router.git"

[[projects]]
  branch = "master"
  name = "github.com/SmartEnergyPlatform/util"
  packages = [
    "http/cors",
    "http/logger",
    "http/response"
  ]
  revision = "d49bd8e00ff9686465a225f10d3d9c90a3c7919d"
  source = "git@gitlab.wifa.uni-leipzig.de:fg-seits/util.git"

[solve-meta]
  analyzer-name = "dep"
  analyzer-version = 1
  inputs-digest = "1b6abac57bdccf7a10659842488d188f8a2adc0e8ce02eb96155ed4f3c0cc40d"
  solver-name = "gps-cdcl"
  solver-version = 1
